
Microsoft Visual Studio Solution File, Format Version 12.00
# Visual Studio Version 17
VisualStudioVersion = 17.14.36301.6 d17.14
MinimumVisualStudioVersion = 10.0.40219.1
Project("{2150E333-8FDC-42A3-9474-1A3956D46DE8}") = "Server", "Server", "{02EA681E-C7D8-13C7-8484-4AC65E1B71E8}"
EndProject
Project("{FAE04EC0-301F-11D3-BF4B-00C04F79EFBC}") = "AirportSimulation.AppHost", "AirportSimulation.AppHost\AirportSimulation.AppHost.csproj", "{9C0C8FC2-43FA-42A7-9262-5AB13097EF2C}"
EndProject
Project("{FAE04EC0-301F-11D3-BF4B-00C04F79EFBC}") = "AirportSimulation.ServiceDefaults", "AirportSimulation.ServiceDefaults\AirportSimulation.ServiceDefaults.csproj", "{D5DF1E43-2442-7055-A5E3-E7C53B757BB6}"
EndProject
Project("{FAE04EC0-301F-11D3-BF4B-00C04F79EFBC}") = "Schedule.Service", "Schedule.Service\Schedule.Service.csproj", "{9A3467A8-5753-7F69-94CB-61208288F34F}"
EndProject
Project("{FAE04EC0-301F-11D3-BF4B-00C04F79EFBC}") = "Taxi.Service", "Taxi.Service\Taxi.Service.csproj", "{121EE79D-73D0-F17F-6FD0-AEF574784EC5}"
EndProject
Project("{FAE04EC0-301F-11D3-BF4B-00C04F79EFBC}") = "Gate.Service", "Gate.Service\Gate.Service.csproj", "{D03178C3-48FB-7EF2-7953-6D35508EA913}"
EndProject
Project("{FAE04EC0-301F-11D3-BF4B-00C04F79EFBC}") = "Runway.Service", "Runway.Service\Runway.Service.csproj", "{20B74DFC-FE21-E31B-3FD6-27812CCEB149}"
EndProject
Global
	GlobalSection(SolutionConfigurationPlatforms) = preSolution
		Debug|Any CPU = Debug|Any CPU
		Release|Any CPU = Release|Any CPU
	EndGlobalSection
	GlobalSection(ProjectConfigurationPlatforms) = postSolution
		{9C0C8FC2-43FA-42A7-9262-5AB13097EF2C}.Debug|Any CPU.ActiveCfg = Debug|Any CPU
		{9C0C8FC2-43FA-42A7-9262-5AB13097EF2C}.Debug|Any CPU.Build.0 = Debug|Any CPU
		{9C0C8FC2-43FA-42A7-9262-5AB13097EF2C}.Release|Any CPU.ActiveCfg = Release|Any CPU
		{9C0C8FC2-43FA-42A7-9262-5AB13097EF2C}.Release|Any CPU.Build.0 = Release|Any CPU
		{D5DF1E43-2442-7055-A5E3-E7C53B757BB6}.Debug|Any CPU.ActiveCfg = Debug|Any CPU
		{D5DF1E43-2442-7055-A5E3-E7C53B757BB6}.Debug|Any CPU.Build.0 = Debug|Any CPU
		{D5DF1E43-2442-7055-A5E3-E7C53B757BB6}.Release|Any CPU.ActiveCfg = Release|Any CPU
		{D5DF1E43-2442-7055-A5E3-E7C53B757BB6}.Release|Any CPU.Build.0 = Release|Any CPU
		{9A3467A8-5753-7F69-94CB-61208288F34F}.Debug|Any CPU.ActiveCfg = Debug|Any CPU
		{9A3467A8-5753-7F69-94CB-61208288F34F}.Debug|Any CPU.Build.0 = Debug|Any CPU
		{9A3467A8-5753-7F69-94CB-61208288F34F}.Release|Any CPU.ActiveCfg = Release|Any CPU
		{9A3467A8-5753-7F69-94CB-61208288F34F}.Release|Any CPU.Build.0 = Release|Any CPU
		{121EE79D-73D0-F17F-6FD0-AEF574784EC5}.Debug|Any CPU.ActiveCfg = Debug|Any CPU
		{121EE79D-73D0-F17F-6FD0-AEF574784EC5}.Debug|Any CPU.Build.0 = Debug|Any CPU
		{121EE79D-73D0-F17F-6FD0-AEF574784EC5}.Release|Any CPU.ActiveCfg = Release|Any CPU
		{121EE79D-73D0-F17F-6FD0-AEF574784EC5}.Release|Any CPU.Build.0 = Release|Any CPU
		{D03178C3-48FB-7EF2-7953-6D35508EA913}.Debug|Any CPU.ActiveCfg = Debug|Any CPU
		{D03178C3-48FB-7EF2-7953-6D35508EA913}.Debug|Any CPU.Build.0 = Debug|Any CPU
		{D03178C3-48FB-7EF2-7953-6D35508EA913}.Release|Any CPU.ActiveCfg = Release|Any CPU
		{D03178C3-48FB-7EF2-7953-6D35508EA913}.Release|Any CPU.Build.0 = Release|Any CPU
		{20B74DFC-FE21-E31B-3FD6-27812CCEB149}.Debug|Any CPU.ActiveCfg = Debug|Any CPU
		{20B74DFC-FE21-E31B-3FD6-27812CCEB149}.Debug|Any CPU.Build.0 = Debug|Any CPU
		{20B74DFC-FE21-E31B-3FD6-27812CCEB149}.Release|Any CPU.ActiveCfg = Release|Any CPU
		{20B74DFC-FE21-E31B-3FD6-27812CCEB149}.Release|Any CPU.Build.0 = Release|Any CPU
	EndGlobalSection
	GlobalSection(SolutionProperties) = preSolution
		HideSolutionNode = FALSE
	EndGlobalSection
	GlobalSection(NestedProjects) = preSolution
		{9A3467A8-5753-7F69-94CB-61208288F34F} = {02EA681E-C7D8-13C7-8484-4AC65E1B71E8}
		{121EE79D-73D0-F17F-6FD0-AEF574784EC5} = {02EA681E-C7D8-13C7-8484-4AC65E1B71E8}
		{D03178C3-48FB-7EF2-7953-6D35508EA913} = {02EA681E-C7D8-13C7-8484-4AC65E1B71E8}
		{20B74DFC-FE21-E31B-3FD6-27812CCEB149} = {02EA681E-C7D8-13C7-8484-4AC65E1B71E8}
	EndGlobalSection
	GlobalSection(ExtensibilityGlobals) = postSolution
		SolutionGuid = {A693BB17-F28B-42DC-B968-C8F92C2CB079}
	EndGlobalSection
EndGlobal
